
Microsoft Visual Studio Solution File, Format Version 12.00
# Visual Studio 2013
VisualStudioVersion = 12.0.31101.0
MinimumVisualStudioVersion = 10.0.40219.1
Project("{D2ABAB84-BF74-430A-B69E-9DC6D40DDA17}") = "DataQualityCube", "DataQualityCube\DataQualityCube.dwproj", "{652EE9E3-4412-401E-BA5E-4AA6A380260D}"
EndProject
Global
	GlobalSection(TeamFoundationVersionControl) = preSolution
		SccNumberOfProjects = 2
		SccEnterpriseProvider = {4CA58AB2-18FA-4F8D-95D4-32DDF27D184C}
		SccTeamFoundationServer = https://okieurope.visualstudio.com/
		SccLocalPath0 = .
		SccProjectUniqueName1 = DataQualityCube\\DataQualityCube.dwproj
		SccProjectName1 = DataQualityCube
		SccLocalPath1 = DataQualityCube
	EndGlobalSection
	GlobalSection(SolutionConfigurationPlatforms) = preSolution
		Development|Default = Development|Default
	EndGlobalSection
	GlobalSection(ProjectConfigurationPlatforms) = postSolution
		{652EE9E3-4412-401E-BA5E-4AA6A380260D}.Development|Default.ActiveCfg = Development
		{652EE9E3-4412-401E-BA5E-4AA6A380260D}.Development|Default.Build.0 = Development
		{652EE9E3-4412-401E-BA5E-4AA6A380260D}.Development|Default.Deploy.0 = Development
	EndGlobalSection
	GlobalSection(SolutionProperties) = preSolution
		HideSolutionNode = FALSE
	EndGlobalSection
EndGlobal
