
Microsoft Visual Studio Solution File, Format Version 12.00
# Visual Studio 2013
VisualStudioVersion = 12.0.40629.0
MinimumVisualStudioVersion = 10.0.40219.1
Project("{159641D6-6404-4A2A-AE62-294DE0FE8301}") = "BI_WestCoast", "BI_WestCoast\BI_WestCoast.dtproj", "{AFF7C6E7-1B91-41D9-B1BA-0257DC8F8371}"
EndProject
Global
	GlobalSection(TeamFoundationVersionControl) = preSolution
		SccNumberOfProjects = 2
		SccEnterpriseProvider = {4CA58AB2-18FA-4F8D-95D4-32DDF27D184C}
		SccTeamFoundationServer = https://okieurope.visualstudio.com/
		SccLocalPath0 = .
		SccProjectUniqueName1 = BI_WestCoast\\BI_WestCoast.dtproj
		SccProjectName1 = BI_WestCoast
		SccLocalPath1 = BI_WestCoast
	EndGlobalSection
	GlobalSection(SolutionConfigurationPlatforms) = preSolution
		Development|Default = Development|Default
	EndGlobalSection
	GlobalSection(ProjectConfigurationPlatforms) = postSolution
		{AFF7C6E7-1B91-41D9-B1BA-0257DC8F8371}.Development|Default.ActiveCfg = Development
		{AFF7C6E7-1B91-41D9-B1BA-0257DC8F8371}.Development|Default.Build.0 = Development
	EndGlobalSection
	GlobalSection(SolutionProperties) = preSolution
		HideSolutionNode = FALSE
	EndGlobalSection
EndGlobal
