
Microsoft Visual Studio Solution File, Format Version 12.00
# Visual Studio 2013
VisualStudioVersion = 12.0.31101.0
MinimumVisualStudioVersion = 10.0.40219.1
Project("{159641D6-6404-4A2A-AE62-294DE0FE8301}") = "PartnerNet - ETL", "PartnerNet - ETL\PartnerNet - ETL.dtproj", "{71A35932-9521-45BA-9CEF-42D9F3F2599B}"
EndProject
Global
	GlobalSection(TeamFoundationVersionControl) = preSolution
		SccNumberOfProjects = 2
		SccEnterpriseProvider = {4CA58AB2-18FA-4F8D-95D4-32DDF27D184C}
		SccTeamFoundationServer = https://okieurope.visualstudio.com/
		SccLocalPath0 = .
		SccProjectUniqueName1 = PartnerNet\u0020-\u0020ETL\\PartnerNet\u0020-\u0020ETL.dtproj
		SccProjectName1 = PartnerNet\u0020-\u0020ETL
		SccLocalPath1 = PartnerNet\u0020-\u0020ETL
	EndGlobalSection
	GlobalSection(SolutionConfigurationPlatforms) = preSolution
		Development|Default = Development|Default
	EndGlobalSection
	GlobalSection(ProjectConfigurationPlatforms) = postSolution
		{71A35932-9521-45BA-9CEF-42D9F3F2599B}.Development|Default.ActiveCfg = Development
		{71A35932-9521-45BA-9CEF-42D9F3F2599B}.Development|Default.Build.0 = Development
	EndGlobalSection
	GlobalSection(SolutionProperties) = preSolution
		HideSolutionNode = FALSE
	EndGlobalSection
EndGlobal
