
Microsoft Visual Studio Solution File, Format Version 12.00
# Visual Studio 2013
VisualStudioVersion = 12.0.31101.0
MinimumVisualStudioVersion = 10.0.40219.1
Project("{D2ABAB84-BF74-430A-B69E-9DC6D40DDA17}") = "BIOSCube", "BIOSCube\BIOSCube.dwproj", "{860430C1-8F49-4721-8579-A94DB23E60C4}"
EndProject
Global
	GlobalSection(TeamFoundationVersionControl) = preSolution
		SccNumberOfProjects = 2
		SccEnterpriseProvider = {4CA58AB2-18FA-4F8D-95D4-32DDF27D184C}
		SccTeamFoundationServer = https://okieurope.visualstudio.com/
		SccLocalPath0 = .
		SccProjectUniqueName1 = BIOSCube\\BIOSCube.dwproj
		SccProjectName1 = BIOSCube
		SccLocalPath1 = BIOSCube
	EndGlobalSection
	GlobalSection(SolutionConfigurationPlatforms) = preSolution
		Development|Default = Development|Default
	EndGlobalSection
	GlobalSection(ProjectConfigurationPlatforms) = postSolution
		{860430C1-8F49-4721-8579-A94DB23E60C4}.Development|Default.ActiveCfg = Development
		{860430C1-8F49-4721-8579-A94DB23E60C4}.Development|Default.Build.0 = Development
		{860430C1-8F49-4721-8579-A94DB23E60C4}.Development|Default.Deploy.0 = Development
	EndGlobalSection
	GlobalSection(SolutionProperties) = preSolution
		HideSolutionNode = FALSE
	EndGlobalSection
EndGlobal
