
Microsoft Visual Studio Solution File, Format Version 12.00
# Visual Studio 2013
VisualStudioVersion = 12.0.31101.0
MinimumVisualStudioVersion = 10.0.40219.1
Project("{159641D6-6404-4A2A-AE62-294DE0FE8301}") = "OKIIntegrationDWT2", "OKIIntegrationDWT2\OKIIntegrationDWT2.dtproj", "{017C43A7-1FD3-4DE3-96D4-DB41C115E6C4}"
EndProject
Global
	GlobalSection(TeamFoundationVersionControl) = preSolution
		SccNumberOfProjects = 2
		SccEnterpriseProvider = {4CA58AB2-18FA-4F8D-95D4-32DDF27D184C}
		SccTeamFoundationServer = https://okieurope.visualstudio.com/
		SccLocalPath0 = .
		SccProjectUniqueName1 = OKIIntegrationDWT2\\OKIIntegrationDWT2.dtproj
		SccProjectName1 = OKIIntegrationDWT2
		SccLocalPath1 = OKIIntegrationDWT2
	EndGlobalSection
	GlobalSection(SolutionConfigurationPlatforms) = preSolution
		Development|Default = Development|Default
	EndGlobalSection
	GlobalSection(ProjectConfigurationPlatforms) = postSolution
		{017C43A7-1FD3-4DE3-96D4-DB41C115E6C4}.Development|Default.ActiveCfg = Development
		{017C43A7-1FD3-4DE3-96D4-DB41C115E6C4}.Development|Default.Build.0 = Development
	EndGlobalSection
	GlobalSection(SolutionProperties) = preSolution
		HideSolutionNode = FALSE
	EndGlobalSection
EndGlobal
