
Microsoft Visual Studio Solution File, Format Version 12.00
# Visual Studio 2013
VisualStudioVersion = 12.0.31101.0
MinimumVisualStudioVersion = 10.0.40219.1
Project("{159641D6-6404-4A2A-AE62-294DE0FE8301}") = "Filevalidation_Insert_NewProducts", "Filevalidation_Insert_NewProducts\Filevalidation_Insert_NewProducts.dtproj", "{5C44269B-06BF-4806-926B-ADBA25D26219}"
EndProject
Global
	GlobalSection(TeamFoundationVersionControl) = preSolution
		SccNumberOfProjects = 2
		SccEnterpriseProvider = {4CA58AB2-18FA-4F8D-95D4-32DDF27D184C}
		SccTeamFoundationServer = https://michelamados.visualstudio.com/
		SccLocalPath0 = .
		SccProjectUniqueName1 = Filevalidation_Insert_NewProducts\\Filevalidation_Insert_NewProducts.dtproj
		SccProjectName1 = Filevalidation_Insert_NewProducts
		SccLocalPath1 = Filevalidation_Insert_NewProducts
	EndGlobalSection
	GlobalSection(SolutionConfigurationPlatforms) = preSolution
		Development|Default = Development|Default
	EndGlobalSection
	GlobalSection(ProjectConfigurationPlatforms) = postSolution
		{5C44269B-06BF-4806-926B-ADBA25D26219}.Development|Default.ActiveCfg = Development
		{5C44269B-06BF-4806-926B-ADBA25D26219}.Development|Default.Build.0 = Development
	EndGlobalSection
	GlobalSection(SolutionProperties) = preSolution
		HideSolutionNode = FALSE
	EndGlobalSection
EndGlobal
